
Microsoft Visual Studio Solution File, Format Version 12.00
# Visual Studio Version 17
VisualStudioVersion = 17.0.31903.59
MinimumVisualStudioVersion = 10.0.40219.1
Project("{2150E333-8FDC-42A3-9474-1A3956D46DE8}") = "shared", "shared", "{4F52FD11-658E-A102-6CD3-7D7C16FFA15B}"
EndProject
Project("{FAE04EC0-301F-11D3-BF4B-00C04F79EFBC}") = "Lfm.Contracts", "shared\Lfm.Contracts\Lfm.Contracts.csproj", "{751278BD-C17B-4312-8F92-4528655DAEF1}"
EndProject
Project("{2150E333-8FDC-42A3-9474-1A3956D46DE8}") = "api", "api", "{D82C56D6-B2CD-F611-9E31-04638F7EC30E}"
EndProject
Project("{FAE04EC0-301F-11D3-BF4B-00C04F79EFBC}") = "Lfm.Api", "api\Lfm.Api.csproj", "{00618DDE-C99A-4149-9B1F-AE2A0C63EFB2}"
EndProject
Project("{2150E333-8FDC-42A3-9474-1A3956D46DE8}") = "tests", "tests", "{0AB3BF05-4346-4AA6-1389-037BE0695223}"
EndProject
Project("{FAE04EC0-301F-11D3-BF4B-00C04F79EFBC}") = "Lfm.Api.Tests", "tests\Lfm.Api.Tests\Lfm.Api.Tests.csproj", "{5029CCE6-0941-4217-8718-D2259001BB8C}"
EndProject
Project("{2150E333-8FDC-42A3-9474-1A3956D46DE8}") = "app", "app", "{F95F473B-E98A-ACD6-1986-755F447BE36F}"
EndProject
Project("{FAE04EC0-301F-11D3-BF4B-00C04F79EFBC}") = "Lfm.App", "app\Lfm.App.csproj", "{F3F60116-CD81-44E9-B107-B3F36CA75753}"
EndProject
Project("{FAE04EC0-301F-11D3-BF4B-00C04F79EFBC}") = "Lfm.App.Tests", "tests\Lfm.App.Tests\Lfm.App.Tests.csproj", "{D4FDFB55-65FB-4CC8-BC6B-60716E395D6A}"
EndProject
Project("{FAE04EC0-301F-11D3-BF4B-00C04F79EFBC}") = "Lfm.E2E", "tests\Lfm.E2E\Lfm.E2E.csproj", "{F003D946-EE26-4DC0-B527-E5AACB0FEEA6}"
EndProject
Project("{FAE04EC0-301F-11D3-BF4B-00C04F79EFBC}") = "Lfm.App.Core", "app\Lfm.App.Core\Lfm.App.Core.csproj", "{A13EF9B8-F5BD-4D0D-B86A-302C4A4A8ABA}"
EndProject
Project("{FAE04EC0-301F-11D3-BF4B-00C04F79EFBC}") = "Lfm.App.Core.Tests", "tests\Lfm.App.Core.Tests\Lfm.App.Core.Tests.csproj", "{087BBB71-6571-49D6-8413-DF8D6A2DDF90}"
EndProject
Global
	GlobalSection(SolutionConfigurationPlatforms) = preSolution
		Debug|Any CPU = Debug|Any CPU
		Debug|x64 = Debug|x64
		Debug|x86 = Debug|x86
		Release|Any CPU = Release|Any CPU
		Release|x64 = Release|x64
		Release|x86 = Release|x86
	EndGlobalSection
	GlobalSection(ProjectConfigurationPlatforms) = postSolution
		{751278BD-C17B-4312-8F92-4528655DAEF1}.Debug|Any CPU.ActiveCfg = Debug|Any CPU
		{751278BD-C17B-4312-8F92-4528655DAEF1}.Debug|Any CPU.Build.0 = Debug|Any CPU
		{751278BD-C17B-4312-8F92-4528655DAEF1}.Debug|x64.ActiveCfg = Debug|Any CPU
		{751278BD-C17B-4312-8F92-4528655DAEF1}.Debug|x64.Build.0 = Debug|Any CPU
		{751278BD-C17B-4312-8F92-4528655DAEF1}.Debug|x86.ActiveCfg = Debug|Any CPU
		{751278BD-C17B-4312-8F92-4528655DAEF1}.Debug|x86.Build.0 = Debug|Any CPU
		{751278BD-C17B-4312-8F92-4528655DAEF1}.Release|Any CPU.ActiveCfg = Release|Any CPU
		{751278BD-C17B-4312-8F92-4528655DAEF1}.Release|Any CPU.Build.0 = Release|Any CPU
		{751278BD-C17B-4312-8F92-4528655DAEF1}.Release|x64.ActiveCfg = Release|Any CPU
		{751278BD-C17B-4312-8F92-4528655DAEF1}.Release|x64.Build.0 = Release|Any CPU
		{751278BD-C17B-4312-8F92-4528655DAEF1}.Release|x86.ActiveCfg = Release|Any CPU
		{751278BD-C17B-4312-8F92-4528655DAEF1}.Release|x86.Build.0 = Release|Any CPU
		{00618DDE-C99A-4149-9B1F-AE2A0C63EFB2}.Debug|Any CPU.ActiveCfg = Debug|Any CPU
		{00618DDE-C99A-4149-9B1F-AE2A0C63EFB2}.Debug|Any CPU.Build.0 = Debug|Any CPU
		{00618DDE-C99A-4149-9B1F-AE2A0C63EFB2}.Debug|x64.ActiveCfg = Debug|Any CPU
		{00618DDE-C99A-4149-9B1F-AE2A0C63EFB2}.Debug|x64.Build.0 = Debug|Any CPU
		{00618DDE-C99A-4149-9B1F-AE2A0C63EFB2}.Debug|x86.ActiveCfg = Debug|Any CPU
		{00618DDE-C99A-4149-9B1F-AE2A0C63EFB2}.Debug|x86.Build.0 = Debug|Any CPU
		{00618DDE-C99A-4149-9B1F-AE2A0C63EFB2}.Release|Any CPU.ActiveCfg = Release|Any CPU
		{00618DDE-C99A-4149-9B1F-AE2A0C63EFB2}.Release|Any CPU.Build.0 = Release|Any CPU
		{00618DDE-C99A-4149-9B1F-AE2A0C63EFB2}.Release|x64.ActiveCfg = Release|Any CPU
		{00618DDE-C99A-4149-9B1F-AE2A0C63EFB2}.Release|x64.Build.0 = Release|Any CPU
		{00618DDE-C99A-4149-9B1F-AE2A0C63EFB2}.Release|x86.ActiveCfg = Release|Any CPU
		{00618DDE-C99A-4149-9B1F-AE2A0C63EFB2}.Release|x86.Build.0 = Release|Any CPU
		{5029CCE6-0941-4217-8718-D2259001BB8C}.Debug|Any CPU.ActiveCfg = Debug|Any CPU
		{5029CCE6-0941-4217-8718-D2259001BB8C}.Debug|Any CPU.Build.0 = Debug|Any CPU
		{5029CCE6-0941-4217-8718-D2259001BB8C}.Debug|x64.ActiveCfg = Debug|Any CPU
		{5029CCE6-0941-4217-8718-D2259001BB8C}.Debug|x64.Build.0 = Debug|Any CPU
		{5029CCE6-0941-4217-8718-D2259001BB8C}.Debug|x86.ActiveCfg = Debug|Any CPU
		{5029CCE6-0941-4217-8718-D2259001BB8C}.Debug|x86.Build.0 = Debug|Any CPU
		{5029CCE6-0941-4217-8718-D2259001BB8C}.Release|Any CPU.ActiveCfg = Release|Any CPU
		{5029CCE6-0941-4217-8718-D2259001BB8C}.Release|Any CPU.Build.0 = Release|Any CPU
		{5029CCE6-0941-4217-8718-D2259001BB8C}.Release|x64.ActiveCfg = Release|Any CPU
		{5029CCE6-0941-4217-8718-D2259001BB8C}.Release|x64.Build.0 = Release|Any CPU
		{5029CCE6-0941-4217-8718-D2259001BB8C}.Release|x86.ActiveCfg = Release|Any CPU
		{5029CCE6-0941-4217-8718-D2259001BB8C}.Release|x86.Build.0 = Release|Any CPU
		{F3F60116-CD81-44E9-B107-B3F36CA75753}.Debug|Any CPU.ActiveCfg = Debug|Any CPU
		{F3F60116-CD81-44E9-B107-B3F36CA75753}.Debug|Any CPU.Build.0 = Debug|Any CPU
		{F3F60116-CD81-44E9-B107-B3F36CA75753}.Debug|x64.ActiveCfg = Debug|Any CPU
		{F3F60116-CD81-44E9-B107-B3F36CA75753}.Debug|x64.Build.0 = Debug|Any CPU
		{F3F60116-CD81-44E9-B107-B3F36CA75753}.Debug|x86.ActiveCfg = Debug|Any CPU
		{F3F60116-CD81-44E9-B107-B3F36CA75753}.Debug|x86.Build.0 = Debug|Any CPU
		{F3F60116-CD81-44E9-B107-B3F36CA75753}.Release|Any CPU.ActiveCfg = Release|Any CPU
		{F3F60116-CD81-44E9-B107-B3F36CA75753}.Release|Any CPU.Build.0 = Release|Any CPU
		{F3F60116-CD81-44E9-B107-B3F36CA75753}.Release|x64.ActiveCfg = Release|Any CPU
		{F3F60116-CD81-44E9-B107-B3F36CA75753}.Release|x64.Build.0 = Release|Any CPU
		{F3F60116-CD81-44E9-B107-B3F36CA75753}.Release|x86.ActiveCfg = Release|Any CPU
		{F3F60116-CD81-44E9-B107-B3F36CA75753}.Release|x86.Build.0 = Release|Any CPU
		{D4FDFB55-65FB-4CC8-BC6B-60716E395D6A}.Debug|Any CPU.ActiveCfg = Debug|Any CPU
		{D4FDFB55-65FB-4CC8-BC6B-60716E395D6A}.Debug|Any CPU.Build.0 = Debug|Any CPU
		{D4FDFB55-65FB-4CC8-BC6B-60716E395D6A}.Debug|x64.ActiveCfg = Debug|Any CPU
		{D4FDFB55-65FB-4CC8-BC6B-60716E395D6A}.Debug|x64.Build.0 = Debug|Any CPU
		{D4FDFB55-65FB-4CC8-BC6B-60716E395D6A}.Debug|x86.ActiveCfg = Debug|Any CPU
		{D4FDFB55-65FB-4CC8-BC6B-60716E395D6A}.Debug|x86.Build.0 = Debug|Any CPU
		{D4FDFB55-65FB-4CC8-BC6B-60716E395D6A}.Release|Any CPU.ActiveCfg = Release|Any CPU
		{D4FDFB55-65FB-4CC8-BC6B-60716E395D6A}.Release|Any CPU.Build.0 = Release|Any CPU
		{D4FDFB55-65FB-4CC8-BC6B-60716E395D6A}.Release|x64.ActiveCfg = Release|Any CPU
		{D4FDFB55-65FB-4CC8-BC6B-60716E395D6A}.Release|x64.Build.0 = Release|Any CPU
		{D4FDFB55-65FB-4CC8-BC6B-60716E395D6A}.Release|x86.ActiveCfg = Release|Any CPU
		{D4FDFB55-65FB-4CC8-BC6B-60716E395D6A}.Release|x86.Build.0 = Release|Any CPU
		{F003D946-EE26-4DC0-B527-E5AACB0FEEA6}.Debug|Any CPU.ActiveCfg = Debug|Any CPU
		{F003D946-EE26-4DC0-B527-E5AACB0FEEA6}.Debug|Any CPU.Build.0 = Debug|Any CPU
		{F003D946-EE26-4DC0-B527-E5AACB0FEEA6}.Debug|x64.ActiveCfg = Debug|Any CPU
		{F003D946-EE26-4DC0-B527-E5AACB0FEEA6}.Debug|x64.Build.0 = Debug|Any CPU
		{F003D946-EE26-4DC0-B527-E5AACB0FEEA6}.Debug|x86.ActiveCfg = Debug|Any CPU
		{F003D946-EE26-4DC0-B527-E5AACB0FEEA6}.Debug|x86.Build.0 = Debug|Any CPU
		{F003D946-EE26-4DC0-B527-E5AACB0FEEA6}.Release|Any CPU.ActiveCfg = Release|Any CPU
		{F003D946-EE26-4DC0-B527-E5AACB0FEEA6}.Release|Any CPU.Build.0 = Release|Any CPU
		{F003D946-EE26-4DC0-B527-E5AACB0FEEA6}.Release|x64.ActiveCfg = Release|Any CPU
		{F003D946-EE26-4DC0-B527-E5AACB0FEEA6}.Release|x64.Build.0 = Release|Any CPU
		{F003D946-EE26-4DC0-B527-E5AACB0FEEA6}.Release|x86.ActiveCfg = Release|Any CPU
		{F003D946-EE26-4DC0-B527-E5AACB0FEEA6}.Release|x86.Build.0 = Release|Any CPU
		{A13EF9B8-F5BD-4D0D-B86A-302C4A4A8ABA}.Debug|Any CPU.ActiveCfg = Debug|Any CPU
		{A13EF9B8-F5BD-4D0D-B86A-302C4A4A8ABA}.Debug|Any CPU.Build.0 = Debug|Any CPU
		{A13EF9B8-F5BD-4D0D-B86A-302C4A4A8ABA}.Debug|x64.ActiveCfg = Debug|Any CPU
		{A13EF9B8-F5BD-4D0D-B86A-302C4A4A8ABA}.Debug|x64.Build.0 = Debug|Any CPU
		{A13EF9B8-F5BD-4D0D-B86A-302C4A4A8ABA}.Debug|x86.ActiveCfg = Debug|Any CPU
		{A13EF9B8-F5BD-4D0D-B86A-302C4A4A8ABA}.Debug|x86.Build.0 = Debug|Any CPU
		{A13EF9B8-F5BD-4D0D-B86A-302C4A4A8ABA}.Release|Any CPU.ActiveCfg = Release|Any CPU
		{A13EF9B8-F5BD-4D0D-B86A-302C4A4A8ABA}.Release|Any CPU.Build.0 = Release|Any CPU
		{A13EF9B8-F5BD-4D0D-B86A-302C4A4A8ABA}.Release|x64.ActiveCfg = Release|Any CPU
		{A13EF9B8-F5BD-4D0D-B86A-302C4A4A8ABA}.Release|x64.Build.0 = Release|Any CPU
		{A13EF9B8-F5BD-4D0D-B86A-302C4A4A8ABA}.Release|x86.ActiveCfg = Release|Any CPU
		{A13EF9B8-F5BD-4D0D-B86A-302C4A4A8ABA}.Release|x86.Build.0 = Release|Any CPU
		{087BBB71-6571-49D6-8413-DF8D6A2DDF90}.Debug|Any CPU.ActiveCfg = Debug|Any CPU
		{087BBB71-6571-49D6-8413-DF8D6A2DDF90}.Debug|Any CPU.Build.0 = Debug|Any CPU
		{087BBB71-6571-49D6-8413-DF8D6A2DDF90}.Debug|x64.ActiveCfg = Debug|Any CPU
		{087BBB71-6571-49D6-8413-DF8D6A2DDF90}.Debug|x64.Build.0 = Debug|Any CPU
		{087BBB71-6571-49D6-8413-DF8D6A2DDF90}.Debug|x86.ActiveCfg = Debug|Any CPU
		{087BBB71-6571-49D6-8413-DF8D6A2DDF90}.Debug|x86.Build.0 = Debug|Any CPU
		{087BBB71-6571-49D6-8413-DF8D6A2DDF90}.Release|Any CPU.ActiveCfg = Release|Any CPU
		{087BBB71-6571-49D6-8413-DF8D6A2DDF90}.Release|Any CPU.Build.0 = Release|Any CPU
		{087BBB71-6571-49D6-8413-DF8D6A2DDF90}.Release|x64.ActiveCfg = Release|Any CPU
		{087BBB71-6571-49D6-8413-DF8D6A2DDF90}.Release|x64.Build.0 = Release|Any CPU
		{087BBB71-6571-49D6-8413-DF8D6A2DDF90}.Release|x86.ActiveCfg = Release|Any CPU
		{087BBB71-6571-49D6-8413-DF8D6A2DDF90}.Release|x86.Build.0 = Release|Any CPU
	EndGlobalSection
	GlobalSection(SolutionProperties) = preSolution
		HideSolutionNode = FALSE
	EndGlobalSection
	GlobalSection(NestedProjects) = preSolution
		{751278BD-C17B-4312-8F92-4528655DAEF1} = {4F52FD11-658E-A102-6CD3-7D7C16FFA15B}
		{00618DDE-C99A-4149-9B1F-AE2A0C63EFB2} = {D82C56D6-B2CD-F611-9E31-04638F7EC30E}
		{5029CCE6-0941-4217-8718-D2259001BB8C} = {0AB3BF05-4346-4AA6-1389-037BE0695223}
		{F3F60116-CD81-44E9-B107-B3F36CA75753} = {F95F473B-E98A-ACD6-1986-755F447BE36F}
		{D4FDFB55-65FB-4CC8-BC6B-60716E395D6A} = {0AB3BF05-4346-4AA6-1389-037BE0695223}
		{F003D946-EE26-4DC0-B527-E5AACB0FEEA6} = {0AB3BF05-4346-4AA6-1389-037BE0695223}
		{A13EF9B8-F5BD-4D0D-B86A-302C4A4A8ABA} = {F95F473B-E98A-ACD6-1986-755F447BE36F}
		{087BBB71-6571-49D6-8413-DF8D6A2DDF90} = {0AB3BF05-4346-4AA6-1389-037BE0695223}
	EndGlobalSection
EndGlobal
