{
  "version": 1,
  "dependencies": {
    "net10.0": {
      "Microsoft.AspNetCore.App.Internal.Assets": {
        "type": "Direct",
        "requested": "[10.0.4, )",
        "resolved": "10.0.4",
        "contentHash": "M942X5Vy726SlvFBuoAC4cDczEMlPAFt1mmyFlrkw/QcpdVwVU0DkF4P9JabxX6eWNm9RvaYZHe25FN7oXoxpQ=="
      },
      "Microsoft.AspNetCore.Components.WebAssembly": {
        "type": "Direct",
        "requested": "[10.0.5, )",
        "resolved": "10.0.5",
        "contentHash": "fjmhjvZpYTJVl/sxpDStP8+fQ6XEG8r9iuhafuTCp2nAAGPcJhsSND58he9BOekbxs6nMv2OECUGwtWqHBGFcg==",
        "dependencies": {
          "Microsoft.AspNetCore.Components.Web": "10.0.5",
          "Microsoft.Extensions.Configuration.Binder": "10.0.5",
          "Microsoft.Extensions.Configuration.Json": "10.0.5",
          "Microsoft.Extensions.Logging": "10.0.5",
          "Microsoft.JSInterop.WebAssembly": "10.0.5"
        }
      },
      "Microsoft.AspNetCore.Components.WebAssembly.Authentication": {
        "type": "Direct",
        "requested": "[10.0.5, )",
        "resolved": "10.0.5",
        "contentHash": "5i+ucTiwCJ7a4chl+1rNxlh15Gn+W9zBXrDYRUeeTdxXLayLO89LJFoxhen9XWTTlwqF+WIRHi48gK1k8H6zhg==",
        "dependencies": {
          "Microsoft.AspNetCore.Components.Authorization": "10.0.5",
          "Microsoft.AspNetCore.Components.Web": "10.0.5"
        }
      },
      "Microsoft.AspNetCore.Components.WebAssembly.DevServer": {
        "type": "Direct",
        "requested": "[10.0.5, )",
        "resolved": "10.0.5",
        "contentHash": "tZwWmlI7WWT1KnDA/S5tkqHd2ZXxnYL0VLqbPAmDVppVlIqqQZLP3+OiW+IgcVSsAgi6WMlGcAd3DrhpFHw/uw=="
      },
      "Microsoft.Extensions.Http": {
        "type": "Direct",
        "requested": "[10.0.5, )",
        "resolved": "10.0.5",
        "contentHash": "AiFvHYM8nP0wPC7bGPI3NHQlSYSLqjjT7DMJUuuxhd+7pz3O89iu2gdQfgACy5DxsXENiok5i1bMacJL7KR8jA==",
        "dependencies": {
          "Microsoft.Extensions.Configuration.Abstractions": "10.0.5",
          "Microsoft.Extensions.DependencyInjection.Abstractions": "10.0.5",
          "Microsoft.Extensions.Diagnostics": "10.0.5",
          "Microsoft.Extensions.Logging": "10.0.5",
          "Microsoft.Extensions.Logging.Abstractions": "10.0.5",
          "Microsoft.Extensions.Options": "10.0.5"
        }
      },
      "Microsoft.Extensions.Localization": {
        "type": "Direct",
        "requested": "[10.0.5, )",
        "resolved": "10.0.5",
        "contentHash": "Co/URpVB1P1WbvswTumphjYZcvqTA2piSTLVOVtN6qLNrK6pg0OjZ/9SzigI+7NYGS2UpxVMydk/n45VvWZvOg==",
        "dependencies": {
          "Microsoft.Extensions.DependencyInjection.Abstractions": "10.0.5",
          "Microsoft.Extensions.Localization.Abstractions": "10.0.5",
          "Microsoft.Extensions.Logging.Abstractions": "10.0.5",
          "Microsoft.Extensions.Options": "10.0.5"
        }
      },
      "Microsoft.Extensions.Logging.Configuration": {
        "type": "Direct",
        "requested": "[10.0.5, )",
        "resolved": "10.0.5",
        "contentHash": "cSgxsDgfP0+gmVRPVoNHI/KIDavIZxh+CxE6tSLPlYTogqccDnjBFI9CgEsiNuMP6+fiuXUwhhlTz36uUEpwbQ==",
        "dependencies": {
          "Microsoft.Extensions.Configuration": "10.0.5",
          "Microsoft.Extensions.Configuration.Abstractions": "10.0.5",
          "Microsoft.Extensions.Configuration.Binder": "10.0.5",
          "Microsoft.Extensions.DependencyInjection.Abstractions": "10.0.5",
          "Microsoft.Extensions.Logging": "10.0.5",
          "Microsoft.Extensions.Logging.Abstractions": "10.0.5",
          "Microsoft.Extensions.Options": "10.0.5",
          "Microsoft.Extensions.Options.ConfigurationExtensions": "10.0.5"
        }
      },
      "Microsoft.FluentUI.AspNetCore.Components": {
        "type": "Direct",
        "requested": "[4.14.0, )",
        "resolved": "4.14.0",
        "contentHash": "GzFqPwOkiLdJwnue+hv03DKhoDQwiYJ+K4fiJC7UTWqxgUlOSI4JeiERsUMedx3Diu6hzIt+jLisL8PniB86cA==",
        "dependencies": {
          "Microsoft.AspNetCore.Components.Web": "10.0.1",
          "Microsoft.Extensions.Configuration.Abstractions": "10.0.1",
          "Microsoft.Extensions.Hosting.Abstractions": "10.0.1",
          "Microsoft.Extensions.Http": "10.0.1"
        }
      },
      "Microsoft.NET.ILLink.Tasks": {
        "type": "Direct",
        "requested": "[10.0.4, )",
        "resolved": "10.0.4",
        "contentHash": "vGu0IaBTt7DU4fBSBVTq68xnKVnJlVsaBnWzAfeA0CGAlcq52XqFN8jRFYUW0ebXw1UgVWER/o6D4PVXiMVUzQ=="
      },
      "Microsoft.NET.Sdk.WebAssembly.Pack": {
        "type": "Direct",
        "requested": "[10.0.4, )",
        "resolved": "10.0.4",
        "contentHash": "6PVJDzxzz2gvKLSWKHNrmmHfoDcTNJixKMHXDf2Ztv8bvpLiIsDe4QahFvnVcWtZ74nIlaOKU2sR+nYk+/K2bg=="
      },
      "FluentValidation": {
        "type": "Transitive",
        "resolved": "12.1.1",
        "contentHash": "EPpkIe1yh1a0OXyC100oOA8WMbZvqUu5plwhvYcb7oSELfyUZzfxV48BLhvs3kKo4NwG7MGLNgy1RJiYtT8Dpw=="
      },
      "Microsoft.AspNetCore.Authorization": {
        "type": "Transitive",
        "resolved": "10.0.6",
        "contentHash": "SOQAX9+nxIi/nDFmEsWGpslZHg6hIDIQqCc8SrPuMOgLR46LUoyT8paAq1cC4LkydxF03SN7Mp2/UxR8u8kUAg==",
        "dependencies": {
          "Microsoft.AspNetCore.Metadata": "10.0.6",
          "Microsoft.Extensions.Diagnostics": "10.0.6",
          "Microsoft.Extensions.Logging.Abstractions": "10.0.6",
          "Microsoft.Extensions.Options": "10.0.6"
        }
      },
      "Microsoft.AspNetCore.Components": {
        "type": "Transitive",
        "resolved": "10.0.6",
        "contentHash": "aZL6XDgJPHD1FQKEnmNZC7ggwBlS+DCQbgeTEt+8oCv3RDgRTt0jmcTY4ga1QPeDS+41ezBzzZVO/xn2HTMhXA==",
        "dependencies": {
          "Microsoft.AspNetCore.Authorization": "10.0.6",
          "Microsoft.AspNetCore.Components.Analyzers": "10.0.6"
        }
      },
      "Microsoft.AspNetCore.Components.Analyzers": {
        "type": "Transitive",
        "resolved": "10.0.6",
        "contentHash": "xsF4gW3bHj9zzgfpeGOiW1IePPOX7X4JfU1WAZTpOFd2mPEV0/3jwaB8eBvRkjxTHRHRRt2pGwfTDxL2nUpe2A=="
      },
      "Microsoft.AspNetCore.Components.Authorization": {
        "type": "Transitive",
        "resolved": "10.0.6",
        "contentHash": "UuqnA80mse1oMNZAtGU4tYRW+STYs9IVMjYRjM0K/EbF7LTuoE1jTucVxCCOF02RhfoJbMeRlbaCX/eJ0Ck0Jw==",
        "dependencies": {
          "Microsoft.AspNetCore.Authorization": "10.0.6",
          "Microsoft.AspNetCore.Components": "10.0.6"
        }
      },
      "Microsoft.AspNetCore.Components.Forms": {
        "type": "Transitive",
        "resolved": "10.0.5",
        "contentHash": "bk9RzweI3LjyfBfCdYOGg5kzSLbMh4oggQ53GtRE9kVKfnwciu4wr6M8cfOaJg30Nr/SGknmnMkl6e1ZEodV0w==",
        "dependencies": {
          "Microsoft.AspNetCore.Components": "10.0.5",
          "Microsoft.Extensions.Validation": "10.0.5"
        }
      },
      "Microsoft.AspNetCore.Components.Web": {
        "type": "Transitive",
        "resolved": "10.0.5",
        "contentHash": "ZgCkyXhQba+nuFTaacCFzYbSN34tTvHI4UdWh5KZGAFZ2aIX9ya2TgNhYoZFL0f1PumNgi+PDkMJRKjPHFtrIg==",
        "dependencies": {
          "Microsoft.AspNetCore.Components": "10.0.5",
          "Microsoft.AspNetCore.Components.Forms": "10.0.5",
          "Microsoft.Extensions.DependencyInjection": "10.0.5",
          "Microsoft.Extensions.Primitives": "10.0.5",
          "Microsoft.JSInterop": "10.0.5"
        }
      },
      "Microsoft.AspNetCore.Metadata": {
        "type": "Transitive",
        "resolved": "10.0.6",
        "contentHash": "Nk3SkfLYH/8E9woqOIO2TwGgVO7ksxxVb03iv4VvhaT4pGwOCnuNbYuK+8uRcHTvABayLdI49iSame+yd2M13Q=="
      },
      "Microsoft.Extensions.Configuration": {
        "type": "Transitive",
        "resolved": "10.0.6",
        "contentHash": "lYQ9S1FGXIWIU7243RimdAXQYsFDeLhSSZvbSDwbeI/kCzZ4MIYXpp3kMQ+bDJXwl9pzMRIYkd4f9zGqcYxfAQ==",
        "dependencies": {
          "Microsoft.Extensions.Configuration.Abstractions": "10.0.6",
          "Microsoft.Extensions.Primitives": "10.0.6"
        }
      },
      "Microsoft.Extensions.Configuration.Abstractions": {
        "type": "Transitive",
        "resolved": "10.0.6",
        "contentHash": "a7bA7IT3ngIgcOMb/2MVH5CcfSxUCeQ6QXWS1Vt6oFpzLTH3U1+J2Xtc64Uw3whX9akYG8eR/UQeEzxo64zZLg==",
        "dependencies": {
          "Microsoft.Extensions.Primitives": "10.0.6"
        }
      },
      "Microsoft.Extensions.Configuration.Binder": {
        "type": "Transitive",
        "resolved": "10.0.6",
        "contentHash": "h22Fm4VxRmr4ty9rxJaW0i51xD56Bl5QhQ2hsGY2vl+6FioWmBhkpg3B78XQaK25N+hE41gZLZuYKGQS+OGbdw==",
        "dependencies": {
          "Microsoft.Extensions.Configuration": "10.0.6",
          "Microsoft.Extensions.Configuration.Abstractions": "10.0.6"
        }
      },
      "Microsoft.Extensions.Configuration.FileExtensions": {
        "type": "Transitive",
        "resolved": "10.0.5",
        "contentHash": "OhTr0O79dP49734lLTqVveivVX9sDXxbI/8vjELAZTHXqoN90mdpgTAgwicJED42iaHMCcZcK6Bj+8wNyBikaw==",
        "dependencies": {
          "Microsoft.Extensions.Configuration": "10.0.5",
          "Microsoft.Extensions.Configuration.Abstractions": "10.0.5",
          "Microsoft.Extensions.FileProviders.Abstractions": "10.0.5",
          "Microsoft.Extensions.FileProviders.Physical": "10.0.5",
          "Microsoft.Extensions.Primitives": "10.0.5"
        }
      },
      "Microsoft.Extensions.Configuration.Json": {
        "type": "Transitive",
        "resolved": "10.0.5",
        "contentHash": "brBM/WP0YAUYh2+QqSYVdK8eQHYQTtTEUJXJ+84Zkdo2buGLja9VSrMIhgoeBUU7JBmcskAib8Lb/N83bvxgYQ==",
        "dependencies": {
          "Microsoft.Extensions.Configuration": "10.0.5",
          "Microsoft.Extensions.Configuration.Abstractions": "10.0.5",
          "Microsoft.Extensions.Configuration.FileExtensions": "10.0.5",
          "Microsoft.Extensions.FileProviders.Abstractions": "10.0.5"
        }
      },
      "Microsoft.Extensions.DependencyInjection": {
        "type": "Transitive",
        "resolved": "10.0.5",
        "contentHash": "v1SVsowG6YE1YnHVGmLWz57YTRCQRx9pH5ebIESXfm5isI9gA3QaMyg/oMTzPpXYZwSAVDzYItGJKfmV+pqXkQ==",
        "dependencies": {
          "Microsoft.Extensions.DependencyInjection.Abstractions": "10.0.5"
        }
      },
      "Microsoft.Extensions.DependencyInjection.Abstractions": {
        "type": "Transitive",
        "resolved": "10.0.6",
        "contentHash": "w+dX4SIr1X9yegX2yX2dU1XtP4JAUVNdvOG/Evn+H+ndn96YzfIPX52FALXChrRNWFR9l77FQyg1mB7WQo6iOA=="
      },
      "Microsoft.Extensions.Diagnostics": {
        "type": "Transitive",
        "resolved": "10.0.6",
        "contentHash": "vbigpAOKX+Bbm2uJQ/AqXqONEPPB3ZYkynRT24vo5ZWF1rzKPtVjpkQkJx5qTGp2dqNV5In9QqboayqmKdvGUA==",
        "dependencies": {
          "Microsoft.Extensions.Configuration": "10.0.6",
          "Microsoft.Extensions.Diagnostics.Abstractions": "10.0.6",
          "Microsoft.Extensions.Options.ConfigurationExtensions": "10.0.6"
        }
      },
      "Microsoft.Extensions.Diagnostics.Abstractions": {
        "type": "Transitive",
        "resolved": "10.0.6",
        "contentHash": "L98Xe5C+xyKytLNLiEyQ0rcY8GNXAeAn1xKsE0YDxPx/mXBYYtRoj8pC2cnbSFQUlOzBkyO90ivMSV22SRETFg==",
        "dependencies": {
          "Microsoft.Extensions.DependencyInjection.Abstractions": "10.0.6",
          "Microsoft.Extensions.Options": "10.0.6"
        }
      },
      "Microsoft.Extensions.FileProviders.Abstractions": {
        "type": "Transitive",
        "resolved": "10.0.5",
        "contentHash": "nCBmCx0Xemlu65ZiWMcXbvfvtznKxf4/YYKF9R28QkqdI9lTikedGqzJ28/xmdGGsxUnsP5/3TQGpiPwVjK0dA==",
        "dependencies": {
          "Microsoft.Extensions.Primitives": "10.0.5"
        }
      },
      "Microsoft.Extensions.FileProviders.Physical": {
        "type": "Transitive",
        "resolved": "10.0.5",
        "contentHash": "dMu5kUPSfol1Rqhmr6nWPSmbFjDe9w6bkoKithG17bWTZA0UyKirTatM5mqYUN3mGpNA0MorlusIoVTh6J7o5g==",
        "dependencies": {
          "Microsoft.Extensions.FileProviders.Abstractions": "10.0.5",
          "Microsoft.Extensions.FileSystemGlobbing": "10.0.5",
          "Microsoft.Extensions.Primitives": "10.0.5"
        }
      },
      "Microsoft.Extensions.FileSystemGlobbing": {
        "type": "Transitive",
        "resolved": "10.0.5",
        "contentHash": "mOE3ARusNQR0a5x8YOcnUbfyyXGqoAWQtEc7qFOfNJgruDWQLo39Re+3/Lzj5pLPFuFYj8hN4dgKzaSQDKiOCw=="
      },
      "Microsoft.Extensions.Hosting.Abstractions": {
        "type": "Transitive",
        "resolved": "10.0.1",
        "contentHash": "qmoQkVZcbm4/gFpted3W3Y+1kTATZTcUhV3mRkbtpfBXlxWCHwh/2oMffVcCruaGOfJuEnyAsGyaSUouSdECOw==",
        "dependencies": {
          "Microsoft.Extensions.Configuration.Abstractions": "10.0.1",
          "Microsoft.Extensions.DependencyInjection.Abstractions": "10.0.1",
          "Microsoft.Extensions.Diagnostics.Abstractions": "10.0.1",
          "Microsoft.Extensions.FileProviders.Abstractions": "10.0.1",
          "Microsoft.Extensions.Logging.Abstractions": "10.0.1"
        }
      },
      "Microsoft.Extensions.Localization.Abstractions": {
        "type": "Transitive",
        "resolved": "10.0.5",
        "contentHash": "xKobiPRPVkK/bD/oLUTF1OnilG3N+4o0u/T8YWqHq+E97zWgCRr8Zhk9N6OZeLBSNHC7imT53QkH/yv9MaXkew=="
      },
      "Microsoft.Extensions.Logging": {
        "type": "Transitive",
        "resolved": "10.0.5",
        "contentHash": "+XTMKQyDWg4ODoNHU/BN3BaI1jhGO7VCS+BnzT/4IauiG6y2iPAte7MyD7rHKS+hNP0TkFkjrae8DFjDUxtcxg==",
        "dependencies": {
          "Microsoft.Extensions.DependencyInjection": "10.0.5",
          "Microsoft.Extensions.Logging.Abstractions": "10.0.5",
          "Microsoft.Extensions.Options": "10.0.5"
        }
      },
      "Microsoft.Extensions.Logging.Abstractions": {
        "type": "Transitive",
        "resolved": "10.0.6",
        "contentHash": "1YgBO3wAy0dlpQyVTKWBSPND/t0yZHsvd3shGpbeEwH8JSb2hnFI2pNFrOOUi/stsp+T/dqwqmRIGh47ibo9bw==",
        "dependencies": {
          "Microsoft.Extensions.DependencyInjection.Abstractions": "10.0.6"
        }
      },
      "Microsoft.Extensions.Options": {
        "type": "Transitive",
        "resolved": "10.0.6",
        "contentHash": "v5RTWm+3Gdub21ADJeRG5bunOOxutFNBZk6qGH6Az4L5nyRZoLe3Kse7jfAyUcdEoiKp72XpNw/wGR+9wP+MtQ==",
        "dependencies": {
          "Microsoft.Extensions.DependencyInjection.Abstractions": "10.0.6",
          "Microsoft.Extensions.Primitives": "10.0.6"
        }
      },
      "Microsoft.Extensions.Options.ConfigurationExtensions": {
        "type": "Transitive",
        "resolved": "10.0.6",
        "contentHash": "O7xt1vYMxku2+/WpFkh6X8RzUtYbKR+XCt0KOO0W9TbRbFeQdfb9Nry/CdVq57kOyOKS3Z4qD1xqV/8LpJQ0Xw==",
        "dependencies": {
          "Microsoft.Extensions.Configuration.Abstractions": "10.0.6",
          "Microsoft.Extensions.Configuration.Binder": "10.0.6",
          "Microsoft.Extensions.DependencyInjection.Abstractions": "10.0.6",
          "Microsoft.Extensions.Options": "10.0.6",
          "Microsoft.Extensions.Primitives": "10.0.6"
        }
      },
      "Microsoft.Extensions.Primitives": {
        "type": "Transitive",
        "resolved": "10.0.6",
        "contentHash": "L8P21mqaG+CXvPheLndean/cHCOcItJqH8nx+0YQnK7wAiOR0G1IOC418ZSzTMD2D6Gmo0f2M5WR70XtpX2B8g=="
      },
      "Microsoft.Extensions.Validation": {
        "type": "Transitive",
        "resolved": "10.0.5",
        "contentHash": "tqDW7LtEAQOQ23UY27d57YnHS6+YqwZpe90n/5hhmchlVfEoO9JezobReKfOBW/wqRXIU8GG3qAt4QaadVU7ww==",
        "dependencies": {
          "Microsoft.Extensions.DependencyInjection.Abstractions": "10.0.5",
          "Microsoft.Extensions.Options": "10.0.5"
        }
      },
      "Microsoft.JSInterop": {
        "type": "Transitive",
        "resolved": "10.0.5",
        "contentHash": "aSoRoF4QtBhg5wkAYXA+k+Jv+eY3bN98hf19MIQs3XM0wkzjY02B4AqpxptZOidNjf2552YSbnCnck0Gsl5DcQ=="
      },
      "Microsoft.JSInterop.WebAssembly": {
        "type": "Transitive",
        "resolved": "10.0.5",
        "contentHash": "9iva1I1opPJA1xMSGTNmbyLhyzw383l6StST9gebB/UEBrYuadzwsv7O3eKAhmJVsPUGy6wWo4SVUcfFnPNQXA==",
        "dependencies": {
          "Microsoft.JSInterop": "10.0.5"
        }
      },
      "lfm.app.core": {
        "type": "Project",
        "dependencies": {
          "Lfm.Contracts": "[1.0.0, )",
          "Microsoft.AspNetCore.Components.Authorization": "[10.0.6, )",
          "Microsoft.Extensions.Http": "[10.0.5, )",
          "Microsoft.Extensions.Localization": "[10.0.5, )"
        }
      },
      "lfm.contracts": {
        "type": "Project",
        "dependencies": {
          "FluentValidation": "[12.1.1, )"
        }
      }
    },
    "net10.0/browser-wasm": {}
  }
}